// !$*UTF8*$!
{
	archiveVersion = 1;
	classes = {
	};
	objectVersion = 77;
	objects = {

/* Begin PBXBuildFile section */
		067D5FDBC687E5F0D58E3C45 /* RecordTableView.swift in Sources */ = {isa = PBXBuildFile; fileRef = 979DEDC8005DCCC9007E5916 /* RecordTableView.swift */; };
		0889E0C8BAFDF68EF3C98C11 /* PriorityAndFocusLogicTests.swift in Sources */ = {isa = PBXBuildFile; fileRef = B172E2704FCF63E345F9CEAA /* PriorityAndFocusLogicTests.swift */; };
		0AEF0AC779E84329D4E963A6 /* ExportTests.swift in Sources */ = {isa = PBXBuildFile; fileRef = EAF9E6BC5CF5B55501C96CC5 /* ExportTests.swift */; };
		0D2796A7A0F992C8BD57CB47 /* MainViewController+Smoke.swift in Sources */ = {isa = PBXBuildFile; fileRef = F5A3EB615991EA717D2968F6 /* MainViewController+Smoke.swift */; };
		164A5A279C2E504DD981CA1D /* ConflictMerger.swift in Sources */ = {isa = PBXBuildFile; fileRef = 6BBA8C81D0D62C95201107E1 /* ConflictMerger.swift */; };
		16D3A52A8346F2EF2C16E4F4 /* RecordSortTests.swift in Sources */ = {isa = PBXBuildFile; fileRef = EC7F047492510E3A2AE451EF /* RecordSortTests.swift */; };
		1B74E39C89ED925E0CD7638E /* GlobalHotKey.swift in Sources */ = {isa = PBXBuildFile; fileRef = E86030859BAA848400EDBDFA /* GlobalHotKey.swift */; };
		1D20663C0730572F57374F96 /* Preferences.swift in Sources */ = {isa = PBXBuildFile; fileRef = F2521A60513E857C5E36BCA2 /* Preferences.swift */; };
		1DFB72A44A2AD3A923CD682C /* Assets.xcassets in Resources */ = {isa = PBXBuildFile; fileRef = 5D6464BA6310B27B6E49223E /* Assets.xcassets */; };
		28B9DB4528B80ABB451E8561 /* ProjectStore.swift in Sources */ = {isa = PBXBuildFile; fileRef = CC8445DA507D5E903F24BACE /* ProjectStore.swift */; };
		29C9DBE3E65A187FA70EB900 /* SyncEngine.swift in Sources */ = {isa = PBXBuildFile; fileRef = 3E318E3F509CD22443DEACDF /* SyncEngine.swift */; };
		2DAB3A8A903A0014CE309501 /* RecordCellView.swift in Sources */ = {isa = PBXBuildFile; fileRef = 96B64074B7F7A7E08B4AB652 /* RecordCellView.swift */; };
		2DF4747B199A37D6D6B2CCAB /* ScopeChipButton.swift in Sources */ = {isa = PBXBuildFile; fileRef = 1F67BF0B5E25E3F7F4728D14 /* ScopeChipButton.swift */; };
		320773F5E53A103C2B39C3F4 /* UISmokeRunner+Chrome.swift in Sources */ = {isa = PBXBuildFile; fileRef = 5EEF2D7552C1D71EEFA07946 /* UISmokeRunner+Chrome.swift */; };
		34F89241AC81DD091793A273 /* CloudKit.framework in Frameworks */ = {isa = PBXBuildFile; fileRef = 041D1D8EF2FA14178C7B1021 /* CloudKit.framework */; };
		361B5BD6DCBDE82469519183 /* ListRow.swift in Sources */ = {isa = PBXBuildFile; fileRef = E82484CBE145A018A7D46247 /* ListRow.swift */; };
		36F2F96C720322986A9C0065 /* Scope.swift in Sources */ = {isa = PBXBuildFile; fileRef = 35E25AB1F98DC5BCAFEAB78B /* Scope.swift */; };
		37922DCFCA6D2604AD862722 /* RecordStore.swift in Sources */ = {isa = PBXBuildFile; fileRef = 286814A8C91E939203729692 /* RecordStore.swift */; };
		3BDFF4D912712B2B9A137664 /* libsqlite3.tbd in Frameworks */ = {isa = PBXBuildFile; fileRef = E309569B184275B649A98C9E /* libsqlite3.tbd */; };
		3D2545B410EF2BAB14B6F810 /* Project.swift in Sources */ = {isa = PBXBuildFile; fileRef = F3383027E79276D888E3C978 /* Project.swift */; };
		3D68BEE8A9CE8F26F3C3A488 /* Scope.swift in Sources */ = {isa = PBXBuildFile; fileRef = 35E25AB1F98DC5BCAFEAB78B /* Scope.swift */; };
		4B61AFBA4B7B16DB37603E5E /* ExportStoreTests.swift in Sources */ = {isa = PBXBuildFile; fileRef = BFA02A0F45A3B63C44FC9C7B /* ExportStoreTests.swift */; };
		501B3CB034A165C878AAA281 /* UniversalInputView.swift in Sources */ = {isa = PBXBuildFile; fileRef = 99030FD48CF6E70CEC3CFE5E /* UniversalInputView.swift */; };
		510C9ABEA00CECD9E1636693 /* RecordStore.swift in Sources */ = {isa = PBXBuildFile; fileRef = 286814A8C91E939203729692 /* RecordStore.swift */; };
		55C81C0A4420631EDB1C0B4E /* SyncProbeRunner.swift in Sources */ = {isa = PBXBuildFile; fileRef = 08F54664DE538789BBE0A6E8 /* SyncProbeRunner.swift */; };
		5603C041EBD54D75BAB948CB /* ConflictMerger.swift in Sources */ = {isa = PBXBuildFile; fileRef = 6BBA8C81D0D62C95201107E1 /* ConflictMerger.swift */; };
		560D0A427655A2374A1EF7C9 /* SummonPlacementTests.swift in Sources */ = {isa = PBXBuildFile; fileRef = 8DCD0B0F46B46FB3C98EF6CC /* SummonPlacementTests.swift */; };
		5FA5B95E693648E4975C3985 /* RecordStore+Smoke.swift in Sources */ = {isa = PBXBuildFile; fileRef = C5225B709D6B760D8D584A25 /* RecordStore+Smoke.swift */; };
		60AFC1879EFE3934DE5D3BD3 /* ConflictPairTests.swift in Sources */ = {isa = PBXBuildFile; fileRef = F61F2AE88ED53D03A9A2F1F8 /* ConflictPairTests.swift */; };
		632FA35B5C0BCC7F18966D88 /* Project.swift in Sources */ = {isa = PBXBuildFile; fileRef = F3383027E79276D888E3C978 /* Project.swift */; };
		65628214696FAE099B3E0D5D /* SyncTypes.swift in Sources */ = {isa = PBXBuildFile; fileRef = 9104E1DFEB40B49C961F5DDF /* SyncTypes.swift */; };
		66C09C336C5B3EDA5E8FE704 /* ListRowTests.swift in Sources */ = {isa = PBXBuildFile; fileRef = 597618AABCEE8C89CD4631F7 /* ListRowTests.swift */; };
		765E4EDD4AC35FDC2A1CE9FD /* SummonPlacement.swift in Sources */ = {isa = PBXBuildFile; fileRef = 58FE11A6933DF7F77C2AEA6D /* SummonPlacement.swift */; };
		774A843A6C25CB2636454F6D /* RecordStore+Sync.swift in Sources */ = {isa = PBXBuildFile; fileRef = AF32A330494737F18DE30C76 /* RecordStore+Sync.swift */; };
		7764D74123E2695D0366E8AE /* ScopeBarView.swift in Sources */ = {isa = PBXBuildFile; fileRef = 82B540CE6DA05F17E7A0874D /* ScopeBarView.swift */; };
		7F6D779814126229B6590A77 /* UISmokeRunner+Flows.swift in Sources */ = {isa = PBXBuildFile; fileRef = BDC42ADAC46E736972FACCDA /* UISmokeRunner+Flows.swift */; };
		843F3F3811C45D6866B6F737 /* ConflictMergerTests.swift in Sources */ = {isa = PBXBuildFile; fileRef = 2BA52F1CD7CA5E280047A347 /* ConflictMergerTests.swift */; };
		86BC9A5365B24DE8218174C4 /* EdgeDissolve.swift in Sources */ = {isa = PBXBuildFile; fileRef = CDEDE44CF250F47BCBE14FD7 /* EdgeDissolve.swift */; };
		87A3376D4DEFD6DCF03F4B99 /* RecordStoreTests.swift in Sources */ = {isa = PBXBuildFile; fileRef = 6563AB9338276A08F872B2DE /* RecordStoreTests.swift */; };
		8A8E51B8B6B2A59C19D041A4 /* SyncTypes.swift in Sources */ = {isa = PBXBuildFile; fileRef = 9104E1DFEB40B49C961F5DDF /* SyncTypes.swift */; };
		8FEDCF3F39AA44554A9D6550 /* MainViewController+Projects.swift in Sources */ = {isa = PBXBuildFile; fileRef = 8FF8A1C134414E8A0DA50FFC /* MainViewController+Projects.swift */; };
		946369A1639B805C8CA31980 /* GlassCapsuleView.swift in Sources */ = {isa = PBXBuildFile; fileRef = AB4A358AA10DF1992F38EBD0 /* GlassCapsuleView.swift */; };
		94F66B5CDA71291E9204CB7F /* RecordDragTypes.swift in Sources */ = {isa = PBXBuildFile; fileRef = 2C5D062EFF3991CE8EAE33A1 /* RecordDragTypes.swift */; };
		96C0B884E1E1A35530380483 /* MainViewController.swift in Sources */ = {isa = PBXBuildFile; fileRef = 4D2BEB631BAA5C4D1E8CAA36 /* MainViewController.swift */; };
		9D7FC261C078FCA36A17734C /* Dialogs.swift in Sources */ = {isa = PBXBuildFile; fileRef = 410934E4F6823C0EBE0F6266 /* Dialogs.swift */; };
		A2112DEBA70A964ED70864EE /* Export.swift in Sources */ = {isa = PBXBuildFile; fileRef = 08495F16DC2DA052E3985367 /* Export.swift */; };
		A455D0F68FC1FBEB0165CAB0 /* Record.swift in Sources */ = {isa = PBXBuildFile; fileRef = F4608829EEB2273F7BA10638 /* Record.swift */; };
		A79A7EFEE7C917BCA4D60139 /* LaunchConfiguration.swift in Sources */ = {isa = PBXBuildFile; fileRef = BE6D0B1FA4E6B2EB39D1A1A6 /* LaunchConfiguration.swift */; };
		A7A940A61BC8527FE21938C4 /* Export.swift in Sources */ = {isa = PBXBuildFile; fileRef = 08495F16DC2DA052E3985367 /* Export.swift */; };
		A9D5732BC4ADD88C7AB80097 /* RowFocus.swift in Sources */ = {isa = PBXBuildFile; fileRef = 89370A8F8BA81F4F6366F1E1 /* RowFocus.swift */; };
		AC5A62D3B29A68AD4D7C2B00 /* LaunchConfigurationTests.swift in Sources */ = {isa = PBXBuildFile; fileRef = A6C8ABEDDDB553F30C38FD2A /* LaunchConfigurationTests.swift */; };
		ACF2424191378282A9991623 /* RecordSort.swift in Sources */ = {isa = PBXBuildFile; fileRef = 88D0F91DF40EE5EBEB27A4C8 /* RecordSort.swift */; };
		AE4AB5952BE030C8FF1447DA /* ProjectStoreTests.swift in Sources */ = {isa = PBXBuildFile; fileRef = 3E006D84F28D1E4C5AA9AE86 /* ProjectStoreTests.swift */; };
		AF0CB9C2BDC2EBC863DA4419 /* GroupHeaderCellView.swift in Sources */ = {isa = PBXBuildFile; fileRef = 503C6D41D389DC2D92F8E10E /* GroupHeaderCellView.swift */; };
		AF28A3FB2A3AA1F46F1A7F8E /* MainViewController+Records.swift in Sources */ = {isa = PBXBuildFile; fileRef = CE08D385A0D02BDD2F3992D0 /* MainViewController+Records.swift */; };
		B1A2647E208B58FC159A6256 /* SyncTrackingTests.swift in Sources */ = {isa = PBXBuildFile; fileRef = 250C94AC93638AC5DC76AFF9 /* SyncTrackingTests.swift */; };
		B6BDCE0E75F4403F57975A48 /* SQLiteDatabase.swift in Sources */ = {isa = PBXBuildFile; fileRef = A673436C79B1E163176EC45E /* SQLiteDatabase.swift */; };
		B877A5480B1CE96B6A466BEE /* Theme.swift in Sources */ = {isa = PBXBuildFile; fileRef = D13AF8508B3060A30447D10B /* Theme.swift */; };
		BA4C2FD7DBB46CDE3B180845 /* AppDelegate.swift in Sources */ = {isa = PBXBuildFile; fileRef = F362E2A3D3721C4A4332541A /* AppDelegate.swift */; };
		C044B0A9C937FFD9A1FD9F66 /* Sparkle in Frameworks */ = {isa = PBXBuildFile; productRef = F69B3E464421C5FD26C5E2A1 /* Sparkle */; };
		C048A365667DCA811DE22505 /* RecordStore+Sync.swift in Sources */ = {isa = PBXBuildFile; fileRef = AF32A330494737F18DE30C76 /* RecordStore+Sync.swift */; };
		C5074DD6E1662A921A7F8D4A /* RecordSort.swift in Sources */ = {isa = PBXBuildFile; fileRef = 88D0F91DF40EE5EBEB27A4C8 /* RecordSort.swift */; };
		C651D884DFA88827CF741A95 /* UISmokeRunner+Snapshots.swift in Sources */ = {isa = PBXBuildFile; fileRef = 30991C74EE7FCB4BC182C7CB /* UISmokeRunner+Snapshots.swift */; };
		CB1954F16E9BCE40B952E1F7 /* Record.swift in Sources */ = {isa = PBXBuildFile; fileRef = F4608829EEB2273F7BA10638 /* Record.swift */; };
		CC68F099270B6BF3AEAD090F /* UISmokeRunner.swift in Sources */ = {isa = PBXBuildFile; fileRef = 0DFE0C8704BA7E6E259EFFBE /* UISmokeRunner.swift */; };
		CE461AC648EFE2CAB0AB1B9E /* ProjectStore.swift in Sources */ = {isa = PBXBuildFile; fileRef = CC8445DA507D5E903F24BACE /* ProjectStore.swift */; };
		CF9F9E551E7A4DAED3FE94FC /* ListRow.swift in Sources */ = {isa = PBXBuildFile; fileRef = E82484CBE145A018A7D46247 /* ListRow.swift */; };
		D1936DE5EA5511DF9E335550 /* RowFocus.swift in Sources */ = {isa = PBXBuildFile; fileRef = 89370A8F8BA81F4F6366F1E1 /* RowFocus.swift */; };
		D3D0D657F233B8A51D5482FB /* Preferences.swift in Sources */ = {isa = PBXBuildFile; fileRef = F2521A60513E857C5E36BCA2 /* Preferences.swift */; };
		D61CBB503244968CA31944C0 /* CKRecordMapping.swift in Sources */ = {isa = PBXBuildFile; fileRef = 85654742AB225ACDF82FC11F /* CKRecordMapping.swift */; };
		DE74689E6B63090C91B8DD87 /* SummonPlacement.swift in Sources */ = {isa = PBXBuildFile; fileRef = 58FE11A6933DF7F77C2AEA6D /* SummonPlacement.swift */; };
		E1CAE186AFF7B5859B5CD6C5 /* TrashViewController.swift in Sources */ = {isa = PBXBuildFile; fileRef = 66B9954F57B92F39B8C767E7 /* TrashViewController.swift */; };
		E1F5D2009EA149F75669A4A8 /* LaunchConfiguration.swift in Sources */ = {isa = PBXBuildFile; fileRef = BE6D0B1FA4E6B2EB39D1A1A6 /* LaunchConfiguration.swift */; };
		E5BE16C836949496C63E5811 /* SQLiteDatabase.swift in Sources */ = {isa = PBXBuildFile; fileRef = A673436C79B1E163176EC45E /* SQLiteDatabase.swift */; };
		EEA2EEAF1D23CDFAAB306460 /* main.swift in Sources */ = {isa = PBXBuildFile; fileRef = C29EC51B7A8B31104FFB2A34 /* main.swift */; };
		F19081A763A6676F74D44A03 /* libsqlite3.tbd in Frameworks */ = {isa = PBXBuildFile; fileRef = E309569B184275B649A98C9E /* libsqlite3.tbd */; };
		F2F4E2A0350950F2E09CA56B /* SettingsViewController.swift in Sources */ = {isa = PBXBuildFile; fileRef = FC4CFAF4529A109F05AAC41A /* SettingsViewController.swift */; };
		FFF7E7FAEBE26372D1CA7FBF /* CKRecordMappingTests.swift in Sources */ = {isa = PBXBuildFile; fileRef = 66DF998B58A87951BB868ACB /* CKRecordMappingTests.swift */; };
/* End PBXBuildFile section */

/* Begin PBXFileReference section */
		041D1D8EF2FA14178C7B1021 /* CloudKit.framework */ = {isa = PBXFileReference; lastKnownFileType = wrapper.framework; name = CloudKit.framework; path = System/Library/Frameworks/CloudKit.framework; sourceTree = SDKROOT; };
		08495F16DC2DA052E3985367 /* Export.swift */ = {isa = PBXFileReference; lastKnownFileType = sourcecode.swift; path = Export.swift; sourceTree = "<group>"; };
		08F54664DE538789BBE0A6E8 /* SyncProbeRunner.swift */ = {isa = PBXFileReference; lastKnownFileType = sourcecode.swift; path = SyncProbeRunner.swift; sourceTree = "<group>"; };
		0DFE0C8704BA7E6E259EFFBE /* UISmokeRunner.swift */ = {isa = PBXFileReference; lastKnownFileType = sourcecode.swift; path = UISmokeRunner.swift; sourceTree = "<group>"; };
		1B4561087522EDEA87D4A330 /* InboxTests.xctest */ = {isa = PBXFileReference; explicitFileType = wrapper.cfbundle; includeInIndex = 0; path = InboxTests.xctest; sourceTree = BUILT_PRODUCTS_DIR; };
		1F67BF0B5E25E3F7F4728D14 /* ScopeChipButton.swift */ = {isa = PBXFileReference; lastKnownFileType = sourcecode.swift; path = ScopeChipButton.swift; sourceTree = "<group>"; };
		250C94AC93638AC5DC76AFF9 /* SyncTrackingTests.swift */ = {isa = PBXFileReference; lastKnownFileType = sourcecode.swift; path = SyncTrackingTests.swift; sourceTree = "<group>"; };
		286814A8C91E939203729692 /* RecordStore.swift */ = {isa = PBXFileReference; lastKnownFileType = sourcecode.swift; path = RecordStore.swift; sourceTree = "<group>"; };
		2BA52F1CD7CA5E280047A347 /* ConflictMergerTests.swift */ = {isa = PBXFileReference; lastKnownFileType = sourcecode.swift; path = ConflictMergerTests.swift; sourceTree = "<group>"; };
		2C5D062EFF3991CE8EAE33A1 /* RecordDragTypes.swift */ = {isa = PBXFileReference; lastKnownFileType = sourcecode.swift; path = RecordDragTypes.swift; sourceTree = "<group>"; };
		30991C74EE7FCB4BC182C7CB /* UISmokeRunner+Snapshots.swift */ = {isa = PBXFileReference; lastKnownFileType = sourcecode.swift; path = "UISmokeRunner+Snapshots.swift"; sourceTree = "<group>"; };
		35E25AB1F98DC5BCAFEAB78B /* Scope.swift */ = {isa = PBXFileReference; lastKnownFileType = sourcecode.swift; path = Scope.swift; sourceTree = "<group>"; };
		3E006D84F28D1E4C5AA9AE86 /* ProjectStoreTests.swift */ = {isa = PBXFileReference; lastKnownFileType = sourcecode.swift; path = ProjectStoreTests.swift; sourceTree = "<group>"; };
		3E318E3F509CD22443DEACDF /* SyncEngine.swift */ = {isa = PBXFileReference; lastKnownFileType = sourcecode.swift; path = SyncEngine.swift; sourceTree = "<group>"; };
		410934E4F6823C0EBE0F6266 /* Dialogs.swift */ = {isa = PBXFileReference; lastKnownFileType = sourcecode.swift; path = Dialogs.swift; sourceTree = "<group>"; };
		4D2BEB631BAA5C4D1E8CAA36 /* MainViewController.swift */ = {isa = PBXFileReference; lastKnownFileType = sourcecode.swift; path = MainViewController.swift; sourceTree = "<group>"; };
		503C6D41D389DC2D92F8E10E /* GroupHeaderCellView.swift */ = {isa = PBXFileReference; lastKnownFileType = sourcecode.swift; path = GroupHeaderCellView.swift; sourceTree = "<group>"; };
		58FE11A6933DF7F77C2AEA6D /* SummonPlacement.swift */ = {isa = PBXFileReference; lastKnownFileType = sourcecode.swift; path = SummonPlacement.swift; sourceTree = "<group>"; };
		597618AABCEE8C89CD4631F7 /* ListRowTests.swift */ = {isa = PBXFileReference; lastKnownFileType = sourcecode.swift; path = ListRowTests.swift; sourceTree = "<group>"; };
		5D6464BA6310B27B6E49223E /* Assets.xcassets */ = {isa = PBXFileReference; lastKnownFileType = folder.assetcatalog; path = Assets.xcassets; sourceTree = "<group>"; };
		5EEF2D7552C1D71EEFA07946 /* UISmokeRunner+Chrome.swift */ = {isa = PBXFileReference; lastKnownFileType = sourcecode.swift; path = "UISmokeRunner+Chrome.swift"; sourceTree = "<group>"; };
		6563AB9338276A08F872B2DE /* RecordStoreTests.swift */ = {isa = PBXFileReference; lastKnownFileType = sourcecode.swift; path = RecordStoreTests.swift; sourceTree = "<group>"; };
		66B9954F57B92F39B8C767E7 /* TrashViewController.swift */ = {isa = PBXFileReference; lastKnownFileType = sourcecode.swift; path = TrashViewController.swift; sourceTree = "<group>"; };
		66DF998B58A87951BB868ACB /* CKRecordMappingTests.swift */ = {isa = PBXFileReference; lastKnownFileType = sourcecode.swift; path = CKRecordMappingTests.swift; sourceTree = "<group>"; };
		6BBA8C81D0D62C95201107E1 /* ConflictMerger.swift */ = {isa = PBXFileReference; lastKnownFileType = sourcecode.swift; path = ConflictMerger.swift; sourceTree = "<group>"; };
		7973723523BC248A64B049CF /* Inbox.app */ = {isa = PBXFileReference; explicitFileType = wrapper.application; includeInIndex = 0; path = Inbox.app; sourceTree = BUILT_PRODUCTS_DIR; };
		82B540CE6DA05F17E7A0874D /* ScopeBarView.swift */ = {isa = PBXFileReference; lastKnownFileType = sourcecode.swift; path = ScopeBarView.swift; sourceTree = "<group>"; };
		85654742AB225ACDF82FC11F /* CKRecordMapping.swift */ = {isa = PBXFileReference; lastKnownFileType = sourcecode.swift; path = CKRecordMapping.swift; sourceTree = "<group>"; };
		88D0F91DF40EE5EBEB27A4C8 /* RecordSort.swift */ = {isa = PBXFileReference; lastKnownFileType = sourcecode.swift; path = RecordSort.swift; sourceTree = "<group>"; };
		89370A8F8BA81F4F6366F1E1 /* RowFocus.swift */ = {isa = PBXFileReference; lastKnownFileType = sourcecode.swift; path = RowFocus.swift; sourceTree = "<group>"; };
		8DCD0B0F46B46FB3C98EF6CC /* SummonPlacementTests.swift */ = {isa = PBXFileReference; lastKnownFileType = sourcecode.swift; path = SummonPlacementTests.swift; sourceTree = "<group>"; };
		8FF8A1C134414E8A0DA50FFC /* MainViewController+Projects.swift */ = {isa = PBXFileReference; lastKnownFileType = sourcecode.swift; path = "MainViewController+Projects.swift"; sourceTree = "<group>"; };
		9104E1DFEB40B49C961F5DDF /* SyncTypes.swift */ = {isa = PBXFileReference; lastKnownFileType = sourcecode.swift; path = SyncTypes.swift; sourceTree = "<group>"; };
		96B64074B7F7A7E08B4AB652 /* RecordCellView.swift */ = {isa = PBXFileReference; lastKnownFileType = sourcecode.swift; path = RecordCellView.swift; sourceTree = "<group>"; };
		979DEDC8005DCCC9007E5916 /* RecordTableView.swift */ = {isa = PBXFileReference; lastKnownFileType = sourcecode.swift; path = RecordTableView.swift; sourceTree = "<group>"; };
		99030FD48CF6E70CEC3CFE5E /* UniversalInputView.swift */ = {isa = PBXFileReference; lastKnownFileType = sourcecode.swift; path = UniversalInputView.swift; sourceTree = "<group>"; };
		A673436C79B1E163176EC45E /* SQLiteDatabase.swift */ = {isa = PBXFileReference; lastKnownFileType = sourcecode.swift; path = SQLiteDatabase.swift; sourceTree = "<group>"; };
		A6C8ABEDDDB553F30C38FD2A /* LaunchConfigurationTests.swift */ = {isa = PBXFileReference; lastKnownFileType = sourcecode.swift; path = LaunchConfigurationTests.swift; sourceTree = "<group>"; };
		AB4A358AA10DF1992F38EBD0 /* GlassCapsuleView.swift */ = {isa = PBXFileReference; lastKnownFileType = sourcecode.swift; path = GlassCapsuleView.swift; sourceTree = "<group>"; };
		AF32A330494737F18DE30C76 /* RecordStore+Sync.swift */ = {isa = PBXFileReference; lastKnownFileType = sourcecode.swift; path = "RecordStore+Sync.swift"; sourceTree = "<group>"; };
		B172E2704FCF63E345F9CEAA /* PriorityAndFocusLogicTests.swift */ = {isa = PBXFileReference; lastKnownFileType = sourcecode.swift; path = PriorityAndFocusLogicTests.swift; sourceTree = "<group>"; };
		BDC42ADAC46E736972FACCDA /* UISmokeRunner+Flows.swift */ = {isa = PBXFileReference; lastKnownFileType = sourcecode.swift; path = "UISmokeRunner+Flows.swift"; sourceTree = "<group>"; };
		BE6D0B1FA4E6B2EB39D1A1A6 /* LaunchConfiguration.swift */ = {isa = PBXFileReference; lastKnownFileType = sourcecode.swift; path = LaunchConfiguration.swift; sourceTree = "<group>"; };
		BFA02A0F45A3B63C44FC9C7B /* ExportStoreTests.swift */ = {isa = PBXFileReference; lastKnownFileType = sourcecode.swift; path = ExportStoreTests.swift; sourceTree = "<group>"; };
		C29EC51B7A8B31104FFB2A34 /* main.swift */ = {isa = PBXFileReference; lastKnownFileType = sourcecode.swift; path = main.swift; sourceTree = "<group>"; };
		C5225B709D6B760D8D584A25 /* RecordStore+Smoke.swift */ = {isa = PBXFileReference; lastKnownFileType = sourcecode.swift; path = "RecordStore+Smoke.swift"; sourceTree = "<group>"; };
		CC8445DA507D5E903F24BACE /* ProjectStore.swift */ = {isa = PBXFileReference; lastKnownFileType = sourcecode.swift; path = ProjectStore.swift; sourceTree = "<group>"; };
		CDEDE44CF250F47BCBE14FD7 /* EdgeDissolve.swift */ = {isa = PBXFileReference; lastKnownFileType = sourcecode.swift; path = EdgeDissolve.swift; sourceTree = "<group>"; };
		CE08D385A0D02BDD2F3992D0 /* MainViewController+Records.swift */ = {isa = PBXFileReference; lastKnownFileType = sourcecode.swift; path = "MainViewController+Records.swift"; sourceTree = "<group>"; };
		D13AF8508B3060A30447D10B /* Theme.swift */ = {isa = PBXFileReference; lastKnownFileType = sourcecode.swift; path = Theme.swift; sourceTree = "<group>"; };
		E309569B184275B649A98C9E /* libsqlite3.tbd */ = {isa = PBXFileReference; lastKnownFileType = "sourcecode.text-based-dylib-definition"; name = libsqlite3.tbd; path = usr/lib/libsqlite3.tbd; sourceTree = SDKROOT; };
		E82484CBE145A018A7D46247 /* ListRow.swift */ = {isa = PBXFileReference; lastKnownFileType = sourcecode.swift; path = ListRow.swift; sourceTree = "<group>"; };
		E86030859BAA848400EDBDFA /* GlobalHotKey.swift */ = {isa = PBXFileReference; lastKnownFileType = sourcecode.swift; path = GlobalHotKey.swift; sourceTree = "<group>"; };
		EAF9E6BC5CF5B55501C96CC5 /* ExportTests.swift */ = {isa = PBXFileReference; lastKnownFileType = sourcecode.swift; path = ExportTests.swift; sourceTree = "<group>"; };
		EC7F047492510E3A2AE451EF /* RecordSortTests.swift */ = {isa = PBXFileReference; lastKnownFileType = sourcecode.swift; path = RecordSortTests.swift; sourceTree = "<group>"; };
		F2521A60513E857C5E36BCA2 /* Preferences.swift */ = {isa = PBXFileReference; lastKnownFileType = sourcecode.swift; path = Preferences.swift; sourceTree = "<group>"; };
		F3383027E79276D888E3C978 /* Project.swift */ = {isa = PBXFileReference; lastKnownFileType = sourcecode.swift; path = Project.swift; sourceTree = "<group>"; };
		F362E2A3D3721C4A4332541A /* AppDelegate.swift */ = {isa = PBXFileReference; lastKnownFileType = sourcecode.swift; path = AppDelegate.swift; sourceTree = "<group>"; };
		F4608829EEB2273F7BA10638 /* Record.swift */ = {isa = PBXFileReference; lastKnownFileType = sourcecode.swift; path = Record.swift; sourceTree = "<group>"; };
		F5A3EB615991EA717D2968F6 /* MainViewController+Smoke.swift */ = {isa = PBXFileReference; lastKnownFileType = sourcecode.swift; path = "MainViewController+Smoke.swift"; sourceTree = "<group>"; };
		F61F2AE88ED53D03A9A2F1F8 /* ConflictPairTests.swift */ = {isa = PBXFileReference; lastKnownFileType = sourcecode.swift; path = ConflictPairTests.swift; sourceTree = "<group>"; };
		F92B14D92E3A481A15678FBA /* Info.plist */ = {isa = PBXFileReference; lastKnownFileType = text.plist; path = Info.plist; sourceTree = "<group>"; };
		FC4CFAF4529A109F05AAC41A /* SettingsViewController.swift */ = {isa = PBXFileReference; lastKnownFileType = sourcecode.swift; path = SettingsViewController.swift; sourceTree = "<group>"; };
/* End PBXFileReference section */

/* Begin PBXFrameworksBuildPhase section */
		AE18D955EB6233C27EF0404A /* Frameworks */ = {
			isa = PBXFrameworksBuildPhase;
			buildActionMask = 2147483647;
			files = (
				3BDFF4D912712B2B9A137664 /* libsqlite3.tbd in Frameworks */,
				34F89241AC81DD091793A273 /* CloudKit.framework in Frameworks */,
				C044B0A9C937FFD9A1FD9F66 /* Sparkle in Frameworks */,
			);
			runOnlyForDeploymentPostprocessing = 0;
		};
		C9B02C68BE1E666949FDAD8B /* Frameworks */ = {
			isa = PBXFrameworksBuildPhase;
			buildActionMask = 2147483647;
			files = (
				F19081A763A6676F74D44A03 /* libsqlite3.tbd in Frameworks */,
			);
			runOnlyForDeploymentPostprocessing = 0;
		};
/* End PBXFrameworksBuildPhase section */

/* Begin PBXGroup section */
		365BB32BA8F90DF03DAFD8FF /* Surfaces */ = {
			isa = PBXGroup;
			children = (
				410934E4F6823C0EBE0F6266 /* Dialogs.swift */,
				4D2BEB631BAA5C4D1E8CAA36 /* MainViewController.swift */,
				8FF8A1C134414E8A0DA50FFC /* MainViewController+Projects.swift */,
				CE08D385A0D02BDD2F3992D0 /* MainViewController+Records.swift */,
				F5A3EB615991EA717D2968F6 /* MainViewController+Smoke.swift */,
				66B9954F57B92F39B8C767E7 /* TrashViewController.swift */,
			);
			path = Surfaces;
			sourceTree = "<group>";
		};
		3C547941C534CF99A675A3FC /* Storage */ = {
			isa = PBXGroup;
			children = (
				CC8445DA507D5E903F24BACE /* ProjectStore.swift */,
				286814A8C91E939203729692 /* RecordStore.swift */,
				AF32A330494737F18DE30C76 /* RecordStore+Sync.swift */,
				A673436C79B1E163176EC45E /* SQLiteDatabase.swift */,
			);
			path = Storage;
			sourceTree = "<group>";
		};
		574F267523D51445EDF2E3C9 /* Sources */ = {
			isa = PBXGroup;
			children = (
				C5E938DF26C4449A354237CE /* Inbox */,
			);
			path = Sources;
			sourceTree = "<group>";
		};
		6D334C3F2DC48AE91A22A6EE /* App */ = {
			isa = PBXGroup;
			children = (
				F362E2A3D3721C4A4332541A /* AppDelegate.swift */,
				E86030859BAA848400EDBDFA /* GlobalHotKey.swift */,
				BE6D0B1FA4E6B2EB39D1A1A6 /* LaunchConfiguration.swift */,
				C29EC51B7A8B31104FFB2A34 /* main.swift */,
				F2521A60513E857C5E36BCA2 /* Preferences.swift */,
				FC4CFAF4529A109F05AAC41A /* SettingsViewController.swift */,
				58FE11A6933DF7F77C2AEA6D /* SummonPlacement.swift */,
			);
			path = App;
			sourceTree = "<group>";
		};
		7FBF2280D62194C3F255D8A8 /* Model */ = {
			isa = PBXGroup;
			children = (
				08495F16DC2DA052E3985367 /* Export.swift */,
				E82484CBE145A018A7D46247 /* ListRow.swift */,
				F3383027E79276D888E3C978 /* Project.swift */,
				F4608829EEB2273F7BA10638 /* Record.swift */,
				88D0F91DF40EE5EBEB27A4C8 /* RecordSort.swift */,
				89370A8F8BA81F4F6366F1E1 /* RowFocus.swift */,
				35E25AB1F98DC5BCAFEAB78B /* Scope.swift */,
			);
			path = Model;
			sourceTree = "<group>";
		};
		8B1B65C29404B346BBCC3D84 /* InboxTests */ = {
			isa = PBXGroup;
			children = (
				66DF998B58A87951BB868ACB /* CKRecordMappingTests.swift */,
				2BA52F1CD7CA5E280047A347 /* ConflictMergerTests.swift */,
				F61F2AE88ED53D03A9A2F1F8 /* ConflictPairTests.swift */,
				BFA02A0F45A3B63C44FC9C7B /* ExportStoreTests.swift */,
				EAF9E6BC5CF5B55501C96CC5 /* ExportTests.swift */,
				A6C8ABEDDDB553F30C38FD2A /* LaunchConfigurationTests.swift */,
				597618AABCEE8C89CD4631F7 /* ListRowTests.swift */,
				B172E2704FCF63E345F9CEAA /* PriorityAndFocusLogicTests.swift */,
				3E006D84F28D1E4C5AA9AE86 /* ProjectStoreTests.swift */,
				EC7F047492510E3A2AE451EF /* RecordSortTests.swift */,
				6563AB9338276A08F872B2DE /* RecordStoreTests.swift */,
				8DCD0B0F46B46FB3C98EF6CC /* SummonPlacementTests.swift */,
				250C94AC93638AC5DC76AFF9 /* SyncTrackingTests.swift */,
			);
			path = InboxTests;
			sourceTree = "<group>";
		};
		B87FE9A7001EE754653B2A62 /* Sync */ = {
			isa = PBXGroup;
			children = (
				85654742AB225ACDF82FC11F /* CKRecordMapping.swift */,
				6BBA8C81D0D62C95201107E1 /* ConflictMerger.swift */,
				3E318E3F509CD22443DEACDF /* SyncEngine.swift */,
				9104E1DFEB40B49C961F5DDF /* SyncTypes.swift */,
			);
			path = Sync;
			sourceTree = "<group>";
		};
		BB1051F8006A8FB216885130 /* Diagnostics */ = {
			isa = PBXGroup;
			children = (
				C5225B709D6B760D8D584A25 /* RecordStore+Smoke.swift */,
				08F54664DE538789BBE0A6E8 /* SyncProbeRunner.swift */,
				0DFE0C8704BA7E6E259EFFBE /* UISmokeRunner.swift */,
				5EEF2D7552C1D71EEFA07946 /* UISmokeRunner+Chrome.swift */,
				BDC42ADAC46E736972FACCDA /* UISmokeRunner+Flows.swift */,
				30991C74EE7FCB4BC182C7CB /* UISmokeRunner+Snapshots.swift */,
			);
			path = Diagnostics;
			sourceTree = "<group>";
		};
		C04C7D870495A8CB40E3B98E = {
			isa = PBXGroup;
			children = (
				574F267523D51445EDF2E3C9 /* Sources */,
				E72F86AD35B8A572D5FC7954 /* Tests */,
				F173EF4059B4537FA506FA17 /* Frameworks */,
				CC7B79A5261FD97678655D31 /* Products */,
			);
			sourceTree = "<group>";
		};
		C5E938DF26C4449A354237CE /* Inbox */ = {
			isa = PBXGroup;
			children = (
				6D334C3F2DC48AE91A22A6EE /* App */,
				BB1051F8006A8FB216885130 /* Diagnostics */,
				7FBF2280D62194C3F255D8A8 /* Model */,
				C8C142E9A89D00679EAE5B5D /* Resources */,
				3C547941C534CF99A675A3FC /* Storage */,
				365BB32BA8F90DF03DAFD8FF /* Surfaces */,
				B87FE9A7001EE754653B2A62 /* Sync */,
				DC7144A0DBCC5E1ABCDB8D01 /* Views */,
			);
			path = Inbox;
			sourceTree = "<group>";
		};
		C8C142E9A89D00679EAE5B5D /* Resources */ = {
			isa = PBXGroup;
			children = (
				5D6464BA6310B27B6E49223E /* Assets.xcassets */,
				F92B14D92E3A481A15678FBA /* Info.plist */,
			);
			path = Resources;
			sourceTree = "<group>";
		};
		CC7B79A5261FD97678655D31 /* Products */ = {
			isa = PBXGroup;
			children = (
				7973723523BC248A64B049CF /* Inbox.app */,
				1B4561087522EDEA87D4A330 /* InboxTests.xctest */,
			);
			name = Products;
			sourceTree = "<group>";
		};
		DC7144A0DBCC5E1ABCDB8D01 /* Views */ = {
			isa = PBXGroup;
			children = (
				CDEDE44CF250F47BCBE14FD7 /* EdgeDissolve.swift */,
				AB4A358AA10DF1992F38EBD0 /* GlassCapsuleView.swift */,
				503C6D41D389DC2D92F8E10E /* GroupHeaderCellView.swift */,
				96B64074B7F7A7E08B4AB652 /* RecordCellView.swift */,
				2C5D062EFF3991CE8EAE33A1 /* RecordDragTypes.swift */,
				979DEDC8005DCCC9007E5916 /* RecordTableView.swift */,
				82B540CE6DA05F17E7A0874D /* ScopeBarView.swift */,
				1F67BF0B5E25E3F7F4728D14 /* ScopeChipButton.swift */,
				D13AF8508B3060A30447D10B /* Theme.swift */,
				99030FD48CF6E70CEC3CFE5E /* UniversalInputView.swift */,
			);
			path = Views;
			sourceTree = "<group>";
		};
		E72F86AD35B8A572D5FC7954 /* Tests */ = {
			isa = PBXGroup;
			children = (
				8B1B65C29404B346BBCC3D84 /* InboxTests */,
			);
			path = Tests;
			sourceTree = "<group>";
		};
		F173EF4059B4537FA506FA17 /* Frameworks */ = {
			isa = PBXGroup;
			children = (
				041D1D8EF2FA14178C7B1021 /* CloudKit.framework */,
				E309569B184275B649A98C9E /* libsqlite3.tbd */,
			);
			name = Frameworks;
			sourceTree = "<group>";
		};
/* End PBXGroup section */

/* Begin PBXNativeTarget section */
		40AE179E8E5652549BBBCE1D /* Inbox */ = {
			isa = PBXNativeTarget;
			buildConfigurationList = 018729891FC3D4B4E7879B5B /* Build configuration list for PBXNativeTarget "Inbox" */;
			buildPhases = (
				4F0BDDB85E51CFFC0179444F /* Sources */,
				A4FE12745CF448991DFFAD36 /* Resources */,
				AE18D955EB6233C27EF0404A /* Frameworks */,
			);
			buildRules = (
			);
			dependencies = (
			);
			name = Inbox;
			packageProductDependencies = (
				F69B3E464421C5FD26C5E2A1 /* Sparkle */,
			);
			productName = Inbox;
			productReference = 7973723523BC248A64B049CF /* Inbox.app */;
			productType = "com.apple.product-type.application";
		};
		87A2A179CEB237D7C21F7313 /* InboxTests */ = {
			isa = PBXNativeTarget;
			buildConfigurationList = 5DA1B605F0DAFD776DD14EE0 /* Build configuration list for PBXNativeTarget "InboxTests" */;
			buildPhases = (
				D69BBAF1484479CF5B7DB6F4 /* Sources */,
				C9B02C68BE1E666949FDAD8B /* Frameworks */,
			);
			buildRules = (
			);
			dependencies = (
			);
			name = InboxTests;
			packageProductDependencies = (
			);
			productName = InboxTests;
			productReference = 1B4561087522EDEA87D4A330 /* InboxTests.xctest */;
			productType = "com.apple.product-type.bundle.unit-test";
		};
/* End PBXNativeTarget section */

/* Begin PBXProject section */
		FD6775CE7CD5EA945873FE66 /* Project object */ = {
			isa = PBXProject;
			attributes = {
				BuildIndependentTargetsInParallel = YES;
				LastUpgradeCheck = 1430;
				TargetAttributes = {
					40AE179E8E5652549BBBCE1D = {
						DevelopmentTeam = YWQ4TY4VR5;
						ProvisioningStyle = Automatic;
					};
					87A2A179CEB237D7C21F7313 = {
						DevelopmentTeam = YWQ4TY4VR5;
						ProvisioningStyle = Automatic;
					};
				};
			};
			buildConfigurationList = 518A1F0B72484A14331698E0 /* Build configuration list for PBXProject "Inbox" */;
			developmentRegion = en;
			hasScannedForEncodings = 0;
			knownRegions = (
				Base,
				en,
			);
			mainGroup = C04C7D870495A8CB40E3B98E;
			minimizedProjectReferenceProxies = 1;
			packageReferences = (
				181A02A150B6149811E477BC /* XCRemoteSwiftPackageReference "Sparkle" */,
			);
			preferredProjectObjectVersion = 77;
			productRefGroup = CC7B79A5261FD97678655D31 /* Products */;
			projectDirPath = "";
			projectRoot = "";
			targets = (
				40AE179E8E5652549BBBCE1D /* Inbox */,
				87A2A179CEB237D7C21F7313 /* InboxTests */,
			);
		};
/* End PBXProject section */

/* Begin PBXResourcesBuildPhase section */
		A4FE12745CF448991DFFAD36 /* Resources */ = {
			isa = PBXResourcesBuildPhase;
			buildActionMask = 2147483647;
			files = (
				1DFB72A44A2AD3A923CD682C /* Assets.xcassets in Resources */,
			);
			runOnlyForDeploymentPostprocessing = 0;
		};
/* End PBXResourcesBuildPhase section */

/* Begin PBXSourcesBuildPhase section */
		4F0BDDB85E51CFFC0179444F /* Sources */ = {
			isa = PBXSourcesBuildPhase;
			buildActionMask = 2147483647;
			files = (
				BA4C2FD7DBB46CDE3B180845 /* AppDelegate.swift in Sources */,
				D61CBB503244968CA31944C0 /* CKRecordMapping.swift in Sources */,
				5603C041EBD54D75BAB948CB /* ConflictMerger.swift in Sources */,
				9D7FC261C078FCA36A17734C /* Dialogs.swift in Sources */,
				86BC9A5365B24DE8218174C4 /* EdgeDissolve.swift in Sources */,
				A2112DEBA70A964ED70864EE /* Export.swift in Sources */,
				946369A1639B805C8CA31980 /* GlassCapsuleView.swift in Sources */,
				1B74E39C89ED925E0CD7638E /* GlobalHotKey.swift in Sources */,
				AF0CB9C2BDC2EBC863DA4419 /* GroupHeaderCellView.swift in Sources */,
				A79A7EFEE7C917BCA4D60139 /* LaunchConfiguration.swift in Sources */,
				CF9F9E551E7A4DAED3FE94FC /* ListRow.swift in Sources */,
				8FEDCF3F39AA44554A9D6550 /* MainViewController+Projects.swift in Sources */,
				AF28A3FB2A3AA1F46F1A7F8E /* MainViewController+Records.swift in Sources */,
				0D2796A7A0F992C8BD57CB47 /* MainViewController+Smoke.swift in Sources */,
				96C0B884E1E1A35530380483 /* MainViewController.swift in Sources */,
				1D20663C0730572F57374F96 /* Preferences.swift in Sources */,
				632FA35B5C0BCC7F18966D88 /* Project.swift in Sources */,
				CE461AC648EFE2CAB0AB1B9E /* ProjectStore.swift in Sources */,
				A455D0F68FC1FBEB0165CAB0 /* Record.swift in Sources */,
				2DAB3A8A903A0014CE309501 /* RecordCellView.swift in Sources */,
				94F66B5CDA71291E9204CB7F /* RecordDragTypes.swift in Sources */,
				ACF2424191378282A9991623 /* RecordSort.swift in Sources */,
				5FA5B95E693648E4975C3985 /* RecordStore+Smoke.swift in Sources */,
				774A843A6C25CB2636454F6D /* RecordStore+Sync.swift in Sources */,
				510C9ABEA00CECD9E1636693 /* RecordStore.swift in Sources */,
				067D5FDBC687E5F0D58E3C45 /* RecordTableView.swift in Sources */,
				D1936DE5EA5511DF9E335550 /* RowFocus.swift in Sources */,
				E5BE16C836949496C63E5811 /* SQLiteDatabase.swift in Sources */,
				3D68BEE8A9CE8F26F3C3A488 /* Scope.swift in Sources */,
				7764D74123E2695D0366E8AE /* ScopeBarView.swift in Sources */,
				2DF4747B199A37D6D6B2CCAB /* ScopeChipButton.swift in Sources */,
				F2F4E2A0350950F2E09CA56B /* SettingsViewController.swift in Sources */,
				765E4EDD4AC35FDC2A1CE9FD /* SummonPlacement.swift in Sources */,
				29C9DBE3E65A187FA70EB900 /* SyncEngine.swift in Sources */,
				55C81C0A4420631EDB1C0B4E /* SyncProbeRunner.swift in Sources */,
				8A8E51B8B6B2A59C19D041A4 /* SyncTypes.swift in Sources */,
				B877A5480B1CE96B6A466BEE /* Theme.swift in Sources */,
				E1CAE186AFF7B5859B5CD6C5 /* TrashViewController.swift in Sources */,
				320773F5E53A103C2B39C3F4 /* UISmokeRunner+Chrome.swift in Sources */,
				7F6D779814126229B6590A77 /* UISmokeRunner+Flows.swift in Sources */,
				C651D884DFA88827CF741A95 /* UISmokeRunner+Snapshots.swift in Sources */,
				CC68F099270B6BF3AEAD090F /* UISmokeRunner.swift in Sources */,
				501B3CB034A165C878AAA281 /* UniversalInputView.swift in Sources */,
				EEA2EEAF1D23CDFAAB306460 /* main.swift in Sources */,
			);
			runOnlyForDeploymentPostprocessing = 0;
		};
		D69BBAF1484479CF5B7DB6F4 /* Sources */ = {
			isa = PBXSourcesBuildPhase;
			buildActionMask = 2147483647;
			files = (
				FFF7E7FAEBE26372D1CA7FBF /* CKRecordMappingTests.swift in Sources */,
				164A5A279C2E504DD981CA1D /* ConflictMerger.swift in Sources */,
				843F3F3811C45D6866B6F737 /* ConflictMergerTests.swift in Sources */,
				60AFC1879EFE3934DE5D3BD3 /* ConflictPairTests.swift in Sources */,
				A7A940A61BC8527FE21938C4 /* Export.swift in Sources */,
				4B61AFBA4B7B16DB37603E5E /* ExportStoreTests.swift in Sources */,
				0AEF0AC779E84329D4E963A6 /* ExportTests.swift in Sources */,
				E1F5D2009EA149F75669A4A8 /* LaunchConfiguration.swift in Sources */,
				AC5A62D3B29A68AD4D7C2B00 /* LaunchConfigurationTests.swift in Sources */,
				361B5BD6DCBDE82469519183 /* ListRow.swift in Sources */,
				66C09C336C5B3EDA5E8FE704 /* ListRowTests.swift in Sources */,
				D3D0D657F233B8A51D5482FB /* Preferences.swift in Sources */,
				0889E0C8BAFDF68EF3C98C11 /* PriorityAndFocusLogicTests.swift in Sources */,
				3D2545B410EF2BAB14B6F810 /* Project.swift in Sources */,
				28B9DB4528B80ABB451E8561 /* ProjectStore.swift in Sources */,
				AE4AB5952BE030C8FF1447DA /* ProjectStoreTests.swift in Sources */,
				CB1954F16E9BCE40B952E1F7 /* Record.swift in Sources */,
				C5074DD6E1662A921A7F8D4A /* RecordSort.swift in Sources */,
				16D3A52A8346F2EF2C16E4F4 /* RecordSortTests.swift in Sources */,
				C048A365667DCA811DE22505 /* RecordStore+Sync.swift in Sources */,
				37922DCFCA6D2604AD862722 /* RecordStore.swift in Sources */,
				87A3376D4DEFD6DCF03F4B99 /* RecordStoreTests.swift in Sources */,
				A9D5732BC4ADD88C7AB80097 /* RowFocus.swift in Sources */,
				B6BDCE0E75F4403F57975A48 /* SQLiteDatabase.swift in Sources */,
				36F2F96C720322986A9C0065 /* Scope.swift in Sources */,
				DE74689E6B63090C91B8DD87 /* SummonPlacement.swift in Sources */,
				560D0A427655A2374A1EF7C9 /* SummonPlacementTests.swift in Sources */,
				B1A2647E208B58FC159A6256 /* SyncTrackingTests.swift in Sources */,
				65628214696FAE099B3E0D5D /* SyncTypes.swift in Sources */,
			);
			runOnlyForDeploymentPostprocessing = 0;
		};
/* End PBXSourcesBuildPhase section */

/* Begin XCBuildConfiguration section */
		1D5C7EBDF04A3E8542DBE3D0 /* Debug */ = {
			isa = XCBuildConfiguration;
			buildSettings = {
				APS_ENVIRONMENT = development;
				ASSETCATALOG_COMPILER_APPICON_NAME = AppIcon;
				CODE_SIGN_ENTITLEMENTS = Inbox.entitlements;
				COMBINE_HIDPI_IMAGES = YES;
				CURRENT_PROJECT_VERSION = "$(MARKETING_VERSION)";
				ICLOUD_CONTAINER_ENVIRONMENT = Development;
				INFOPLIST_FILE = Sources/Inbox/Resources/Info.plist;
				INFOPLIST_KEY_CFBundleDisplayName = Inbox;
				INFOPLIST_KEY_LSApplicationCategoryType = "public.app-category.utilities";
				INFOPLIST_KEY_NSHighResolutionCapable = YES;
				LD_RUNPATH_SEARCH_PATHS = "@executable_path/../Frameworks";
				MARKETING_VERSION = 0.3.1;
				PRODUCT_BUNDLE_IDENTIFIER = com.xiaolin.Inbox;
				PRODUCT_NAME = Inbox;
				SDKROOT = macosx;
			};
			name = Debug;
		};
		2F1FE6C63458E614E34AAA55 /* Release */ = {
			isa = XCBuildConfiguration;
			buildSettings = {
				BUNDLE_LOADER = "";
				COMBINE_HIDPI_IMAGES = YES;
				GENERATE_INFOPLIST_FILE = YES;
				INFOPLIST_FILE = Sources/Inbox/Resources/Info.plist;
				LD_RUNPATH_SEARCH_PATHS = "@loader_path/../Frameworks";
				PRODUCT_BUNDLE_IDENTIFIER = com.xiaolin.InboxTests;
				PRODUCT_NAME = InboxTests;
				SDKROOT = macosx;
				TEST_HOST = "";
			};
			name = Release;
		};
		5D386FDAAD4B46881C2E8961 /* Release */ = {
			isa = XCBuildConfiguration;
			buildSettings = {
				ALWAYS_SEARCH_USER_PATHS = NO;
				CLANG_ANALYZER_NONNULL = YES;
				CLANG_ANALYZER_NUMBER_OBJECT_CONVERSION = YES_AGGRESSIVE;
				CLANG_CXX_LANGUAGE_STANDARD = "gnu++14";
				CLANG_CXX_LIBRARY = "libc++";
				CLANG_ENABLE_MODULES = YES;
				CLANG_ENABLE_OBJC_ARC = YES;
				CLANG_ENABLE_OBJC_WEAK = YES;
				CLANG_WARN_BLOCK_CAPTURE_AUTORELEASING = YES;
				CLANG_WARN_BOOL_CONVERSION = YES;
				CLANG_WARN_COMMA = YES;
				CLANG_WARN_CONSTANT_CONVERSION = YES;
				CLANG_WARN_DEPRECATED_OBJC_IMPLEMENTATIONS = YES;
				CLANG_WARN_DIRECT_OBJC_ISA_USAGE = YES_ERROR;
				CLANG_WARN_DOCUMENTATION_COMMENTS = YES;
				CLANG_WARN_EMPTY_BODY = YES;
				CLANG_WARN_ENUM_CONVERSION = YES;
				CLANG_WARN_INFINITE_RECURSION = YES;
				CLANG_WARN_INT_CONVERSION = YES;
				CLANG_WARN_NON_LITERAL_NULL_CONVERSION = YES;
				CLANG_WARN_OBJC_IMPLICIT_RETAIN_SELF = YES;
				CLANG_WARN_OBJC_LITERAL_CONVERSION = YES;
				CLANG_WARN_OBJC_ROOT_CLASS = YES_ERROR;
				CLANG_WARN_QUOTED_INCLUDE_IN_FRAMEWORK_HEADER = YES;
				CLANG_WARN_RANGE_LOOP_ANALYSIS = YES;
				CLANG_WARN_STRICT_PROTOTYPES = YES;
				CLANG_WARN_SUSPICIOUS_MOVE = YES;
				CLANG_WARN_UNGUARDED_AVAILABILITY = YES_AGGRESSIVE;
				CLANG_WARN_UNREACHABLE_CODE = YES;
				CLANG_WARN__DUPLICATE_METHOD_MATCH = YES;
				CODE_SIGN_IDENTITY = "Apple Development";
				CODE_SIGN_STYLE = Automatic;
				COPY_PHASE_STRIP = NO;
				DEBUG_INFORMATION_FORMAT = "dwarf-with-dsym";
				DEVELOPMENT_TEAM = YWQ4TY4VR5;
				ENABLE_HARDENED_RUNTIME = NO;
				ENABLE_NS_ASSERTIONS = NO;
				ENABLE_STRICT_OBJC_MSGSEND = YES;
				GCC_C_LANGUAGE_STANDARD = gnu11;
				GCC_NO_COMMON_BLOCKS = YES;
				GCC_WARN_64_TO_32_BIT_CONVERSION = YES;
				GCC_WARN_ABOUT_RETURN_TYPE = YES_ERROR;
				GCC_WARN_UNDECLARED_SELECTOR = YES;
				GCC_WARN_UNINITIALIZED_AUTOS = YES_AGGRESSIVE;
				GCC_WARN_UNUSED_FUNCTION = YES;
				GCC_WARN_UNUSED_VARIABLE = YES;
				GENERATE_INFOPLIST_FILE = YES;
				MACOSX_DEPLOYMENT_TARGET = 14.0;
				MTL_ENABLE_DEBUG_INFO = NO;
				MTL_FAST_MATH = YES;
				PRODUCT_NAME = "$(TARGET_NAME)";
				SDKROOT = macosx;
				SWIFT_COMPILATION_MODE = wholemodule;
				SWIFT_OPTIMIZATION_LEVEL = "-O";
				SWIFT_VERSION = 5.0;
			};
			name = Release;
		};
		6A24A9D1EF7367167D5B0BA8 /* Debug */ = {
			isa = XCBuildConfiguration;
			buildSettings = {
				BUNDLE_LOADER = "";
				COMBINE_HIDPI_IMAGES = YES;
				GENERATE_INFOPLIST_FILE = YES;
				INFOPLIST_FILE = Sources/Inbox/Resources/Info.plist;
				LD_RUNPATH_SEARCH_PATHS = "@loader_path/../Frameworks";
				PRODUCT_BUNDLE_IDENTIFIER = com.xiaolin.InboxTests;
				PRODUCT_NAME = InboxTests;
				SDKROOT = macosx;
				TEST_HOST = "";
			};
			name = Debug;
		};
		7C156036E24E961F93E06759 /* Release */ = {
			isa = XCBuildConfiguration;
			buildSettings = {
				APS_ENVIRONMENT = production;
				ARCHS = arm64;
				ASSETCATALOG_COMPILER_APPICON_NAME = AppIcon;
				CODE_SIGN_ENTITLEMENTS = Inbox.entitlements;
				COMBINE_HIDPI_IMAGES = YES;
				CURRENT_PROJECT_VERSION = "$(MARKETING_VERSION)";
				ENABLE_HARDENED_RUNTIME = YES;
				ICLOUD_CONTAINER_ENVIRONMENT = Production;
				INFOPLIST_FILE = Sources/Inbox/Resources/Info.plist;
				INFOPLIST_KEY_CFBundleDisplayName = Inbox;
				INFOPLIST_KEY_LSApplicationCategoryType = "public.app-category.utilities";
				INFOPLIST_KEY_NSHighResolutionCapable = YES;
				LD_RUNPATH_SEARCH_PATHS = "@executable_path/../Frameworks";
				MARKETING_VERSION = 0.3.1;
				PRODUCT_BUNDLE_IDENTIFIER = com.xiaolin.Inbox;
				PRODUCT_NAME = Inbox;
				SDKROOT = macosx;
				SWIFT_ACTIVE_COMPILATION_CONDITIONS = CLOUDKIT_PRODUCTION;
				SWIFT_OPTIMIZATION_LEVEL = "-Osize";
			};
			name = Release;
		};
		F4D82E76DE76842F0DADD7F8 /* Debug */ = {
			isa = XCBuildConfiguration;
			buildSettings = {
				ALWAYS_SEARCH_USER_PATHS = NO;
				CLANG_ANALYZER_NONNULL = YES;
				CLANG_ANALYZER_NUMBER_OBJECT_CONVERSION = YES_AGGRESSIVE;
				CLANG_CXX_LANGUAGE_STANDARD = "gnu++14";
				CLANG_CXX_LIBRARY = "libc++";
				CLANG_ENABLE_MODULES = YES;
				CLANG_ENABLE_OBJC_ARC = YES;
				CLANG_ENABLE_OBJC_WEAK = YES;
				CLANG_WARN_BLOCK_CAPTURE_AUTORELEASING = YES;
				CLANG_WARN_BOOL_CONVERSION = YES;
				CLANG_WARN_COMMA = YES;
				CLANG_WARN_CONSTANT_CONVERSION = YES;
				CLANG_WARN_DEPRECATED_OBJC_IMPLEMENTATIONS = YES;
				CLANG_WARN_DIRECT_OBJC_ISA_USAGE = YES_ERROR;
				CLANG_WARN_DOCUMENTATION_COMMENTS = YES;
				CLANG_WARN_EMPTY_BODY = YES;
				CLANG_WARN_ENUM_CONVERSION = YES;
				CLANG_WARN_INFINITE_RECURSION = YES;
				CLANG_WARN_INT_CONVERSION = YES;
				CLANG_WARN_NON_LITERAL_NULL_CONVERSION = YES;
				CLANG_WARN_OBJC_IMPLICIT_RETAIN_SELF = YES;
				CLANG_WARN_OBJC_LITERAL_CONVERSION = YES;
				CLANG_WARN_OBJC_ROOT_CLASS = YES_ERROR;
				CLANG_WARN_QUOTED_INCLUDE_IN_FRAMEWORK_HEADER = YES;
				CLANG_WARN_RANGE_LOOP_ANALYSIS = YES;
				CLANG_WARN_STRICT_PROTOTYPES = YES;
				CLANG_WARN_SUSPICIOUS_MOVE = YES;
				CLANG_WARN_UNGUARDED_AVAILABILITY = YES_AGGRESSIVE;
				CLANG_WARN_UNREACHABLE_CODE = YES;
				CLANG_WARN__DUPLICATE_METHOD_MATCH = YES;
				CODE_SIGN_IDENTITY = "Apple Development";
				CODE_SIGN_STYLE = Automatic;
				COPY_PHASE_STRIP = NO;
				DEBUG_INFORMATION_FORMAT = dwarf;
				DEVELOPMENT_TEAM = YWQ4TY4VR5;
				ENABLE_HARDENED_RUNTIME = NO;
				ENABLE_STRICT_OBJC_MSGSEND = YES;
				ENABLE_TESTABILITY = YES;
				GCC_C_LANGUAGE_STANDARD = gnu11;
				GCC_DYNAMIC_NO_PIC = NO;
				GCC_NO_COMMON_BLOCKS = YES;
				GCC_OPTIMIZATION_LEVEL = 0;
				GCC_PREPROCESSOR_DEFINITIONS = (
					"$(inherited)",
					"DEBUG=1",
				);
				GCC_WARN_64_TO_32_BIT_CONVERSION = YES;
				GCC_WARN_ABOUT_RETURN_TYPE = YES_ERROR;
				GCC_WARN_UNDECLARED_SELECTOR = YES;
				GCC_WARN_UNINITIALIZED_AUTOS = YES_AGGRESSIVE;
				GCC_WARN_UNUSED_FUNCTION = YES;
				GCC_WARN_UNUSED_VARIABLE = YES;
				GENERATE_INFOPLIST_FILE = YES;
				MACOSX_DEPLOYMENT_TARGET = 14.0;
				MTL_ENABLE_DEBUG_INFO = INCLUDE_SOURCE;
				MTL_FAST_MATH = YES;
				ONLY_ACTIVE_ARCH = YES;
				PRODUCT_NAME = "$(TARGET_NAME)";
				SDKROOT = macosx;
				SWIFT_ACTIVE_COMPILATION_CONDITIONS = DEBUG;
				SWIFT_OPTIMIZATION_LEVEL = "-Onone";
				SWIFT_VERSION = 5.0;
			};
			name = Debug;
		};
/* End XCBuildConfiguration section */

/* Begin XCConfigurationList section */
		018729891FC3D4B4E7879B5B /* Build configuration list for PBXNativeTarget "Inbox" */ = {
			isa = XCConfigurationList;
			buildConfigurations = (
				1D5C7EBDF04A3E8542DBE3D0 /* Debug */,
				7C156036E24E961F93E06759 /* Release */,
			);
			defaultConfigurationIsVisible = 0;
			defaultConfigurationName = Debug;
		};
		518A1F0B72484A14331698E0 /* Build configuration list for PBXProject "Inbox" */ = {
			isa = XCConfigurationList;
			buildConfigurations = (
				F4D82E76DE76842F0DADD7F8 /* Debug */,
				5D386FDAAD4B46881C2E8961 /* Release */,
			);
			defaultConfigurationIsVisible = 0;
			defaultConfigurationName = Debug;
		};
		5DA1B605F0DAFD776DD14EE0 /* Build configuration list for PBXNativeTarget "InboxTests" */ = {
			isa = XCConfigurationList;
			buildConfigurations = (
				6A24A9D1EF7367167D5B0BA8 /* Debug */,
				2F1FE6C63458E614E34AAA55 /* Release */,
			);
			defaultConfigurationIsVisible = 0;
			defaultConfigurationName = Debug;
		};
/* End XCConfigurationList section */

/* Begin XCRemoteSwiftPackageReference section */
		181A02A150B6149811E477BC /* XCRemoteSwiftPackageReference "Sparkle" */ = {
			isa = XCRemoteSwiftPackageReference;
			repositoryURL = "https://github.com/sparkle-project/Sparkle";
			requirement = {
				kind = upToNextMajorVersion;
				minimumVersion = 2.7.0;
			};
		};
/* End XCRemoteSwiftPackageReference section */

/* Begin XCSwiftPackageProductDependency section */
		F69B3E464421C5FD26C5E2A1 /* Sparkle */ = {
			isa = XCSwiftPackageProductDependency;
			package = 181A02A150B6149811E477BC /* XCRemoteSwiftPackageReference "Sparkle" */;
			productName = Sparkle;
		};
/* End XCSwiftPackageProductDependency section */
	};
	rootObject = FD6775CE7CD5EA945873FE66 /* Project object */;
}
